
Microsoft Visual Studio Solution File, Format Version 12.00
# Visual Studio 15
VisualStudioVersion = 15.0.27703.2026
MinimumVisualStudioVersion = 10.0.40219.1
Project("{FAE04EC0-301F-11D3-BF4B-00C04F79EFBC}") = "GreatProj", "GreatProj\GreatProj.csproj", "{9ABB358B-50C6-49CB-A1AE-197DB5482C3E}"
EndProject
Global
	GlobalSection(SolutionConfigurationPlatforms) = preSolution
		Debug|Any CPU = Debug|Any CPU
		Release|Any CPU = Release|Any CPU
	EndGlobalSection
	GlobalSection(ProjectConfigurationPlatforms) = postSolution
		{9ABB358B-50C6-49CB-A1AE-197DB5482C3E}.Debug|Any CPU.ActiveCfg = Debug|Any CPU
		{9ABB358B-50C6-49CB-A1AE-197DB5482C3E}.Debug|Any CPU.Build.0 = Debug|Any CPU
		{9ABB358B-50C6-49CB-A1AE-197DB5482C3E}.Release|Any CPU.ActiveCfg = Release|Any CPU
		{9ABB358B-50C6-49CB-A1AE-197DB5482C3E}.Release|Any CPU.Build.0 = Release|Any CPU
	EndGlobalSection
	GlobalSection(SolutionProperties) = preSolution
		HideSolutionNode = FALSE
	EndGlobalSection
	GlobalSection(ExtensibilityGlobals) = postSolution
		SolutionGuid = {59728F32-3B37-44AD-815B-0B9EC938E1AF}
	EndGlobalSection
EndGlobal
